
Microsoft Visual Studio Solution File, Format Version 12.00
# Visual Studio Version 17
VisualStudioVersion = 17.5.33424.131
MinimumVisualStudioVersion = 10.0.40219.1
Project("{8BC9CEB8-8B4A-11D0-8D11-00A0C91BC942}") = "no6", "no6\no6.vcxproj", "{93435EC1-E1DF-4608-A121-607B9E3FC22F}"
EndProject
Global
	GlobalSection(SolutionConfigurationPlatforms) = preSolution
		Debug|x64 = Debug|x64
		Debug|x86 = Debug|x86
		Release|x64 = Release|x64
		Release|x86 = Release|x86
	EndGlobalSection
	GlobalSection(ProjectConfigurationPlatforms) = postSolution
		{93435EC1-E1DF-4608-A121-607B9E3FC22F}.Debug|x64.ActiveCfg = Debug|x64
		{93435EC1-E1DF-4608-A121-607B9E3FC22F}.Debug|x64.Build.0 = Debug|x64
		{93435EC1-E1DF-4608-A121-607B9E3FC22F}.Debug|x86.ActiveCfg = Debug|Win32
		{93435EC1-E1DF-4608-A121-607B9E3FC22F}.Debug|x86.Build.0 = Debug|Win32
		{93435EC1-E1DF-4608-A121-607B9E3FC22F}.Release|x64.ActiveCfg = Release|x64
		{93435EC1-E1DF-4608-A121-607B9E3FC22F}.Release|x64.Build.0 = Release|x64
		{93435EC1-E1DF-4608-A121-607B9E3FC22F}.Release|x86.ActiveCfg = Release|Win32
		{93435EC1-E1DF-4608-A121-607B9E3FC22F}.Release|x86.Build.0 = Release|Win32
	EndGlobalSection
	GlobalSection(SolutionProperties) = preSolution
		HideSolutionNode = FALSE
	EndGlobalSection
	GlobalSection(ExtensibilityGlobals) = postSolution
		SolutionGuid = {B6A96B2D-3770-4772-B38C-76203FD33DF1}
	EndGlobalSection
EndGlobal
